
Microsoft Visual Studio Solution File, Format Version 12.00
# Visual Studio Version 16
VisualStudioVersion = 16.0.31727.386
MinimumVisualStudioVersion = 10.0.40219.1
Project("{9A19103F-16F7-4668-BE54-9A1E7A4F7556}") = "SplashKitUI", "SplashKitUI.csproj", "{30D8A78C-C2A9-496B-97B9-9837EE8BB52B}"
EndProject
Global
	GlobalSection(SolutionConfigurationPlatforms) = preSolution
		Debug|Any CPU = Debug|Any CPU
		Release|Any CPU = Release|Any CPU
	EndGlobalSection
	GlobalSection(ProjectConfigurationPlatforms) = postSolution
		{30D8A78C-C2A9-496B-97B9-9837EE8BB52B}.Debug|Any CPU.ActiveCfg = Debug|Any CPU
		{30D8A78C-C2A9-496B-97B9-9837EE8BB52B}.Debug|Any CPU.Build.0 = Debug|Any CPU
		{30D8A78C-C2A9-496B-97B9-9837EE8BB52B}.Release|Any CPU.ActiveCfg = Release|Any CPU
		{30D8A78C-C2A9-496B-97B9-9837EE8BB52B}.Release|Any CPU.Build.0 = Release|Any CPU
	EndGlobalSection
	GlobalSection(SolutionProperties) = preSolution
		HideSolutionNode = FALSE
	EndGlobalSection
	GlobalSection(ExtensibilityGlobals) = postSolution
		SolutionGuid = {DAD520E7-86A0-4DD9-B58D-DB86D042D4C9}
	EndGlobalSection
EndGlobal
